
Microsoft Visual Studio Solution File, Format Version 12.00
Project("{FAE04EC0-301F-11D3-BF4B-00C04F79EFBC}") = "TimeSlice", "TimeSlice\TimeSlice.csproj", "{707D6A90-DC61-48A6-BA78-41FB0414DBD6}"
EndProject
Project("{FAE04EC0-301F-11D3-BF4B-00C04F79EFBC}") = "TimeSliceTests", "TimeSliceTests\TimeSliceTests.csproj", "{32210CEF-5963-49A6-85CB-680BEFA7E69D}"
EndProject
Project("{FAE04EC0-301F-11D3-BF4B-00C04F79EFBC}") = "ExampleWebApplication", "ExampleWebApplication\ExampleWebApplication.csproj", "{38E9757D-DC2B-4A37-B0EC-0EFD5396D609}"
EndProject
Project("{FAE04EC0-301F-11D3-BF4B-00C04F79EFBC}") = "ExampleClasses", "ExampleClasses\ExampleClasses.csproj", "{EE5797E0-1806-426D-9FE1-2E680ED0CB23}"
EndProject
Project("{FAE04EC0-301F-11D3-BF4B-00C04F79EFBC}") = "TimeSliceEntityFrameWorkExtensions", "TimeSliceEntityFrameWorkExtensions\TimeSliceEntityFrameWorkExtensions.csproj", "{A7B904B3-B625-4235-99B8-10BA65239B58}"
EndProject
Global
	GlobalSection(SolutionConfigurationPlatforms) = preSolution
		Debug|Any CPU = Debug|Any CPU
		Release|Any CPU = Release|Any CPU
	EndGlobalSection
	GlobalSection(ProjectConfigurationPlatforms) = postSolution
		{707D6A90-DC61-48A6-BA78-41FB0414DBD6}.Debug|Any CPU.ActiveCfg = Debug|Any CPU
		{707D6A90-DC61-48A6-BA78-41FB0414DBD6}.Debug|Any CPU.Build.0 = Debug|Any CPU
		{707D6A90-DC61-48A6-BA78-41FB0414DBD6}.Release|Any CPU.ActiveCfg = Release|Any CPU
		{707D6A90-DC61-48A6-BA78-41FB0414DBD6}.Release|Any CPU.Build.0 = Release|Any CPU
		{32210CEF-5963-49A6-85CB-680BEFA7E69D}.Debug|Any CPU.ActiveCfg = Debug|Any CPU
		{32210CEF-5963-49A6-85CB-680BEFA7E69D}.Debug|Any CPU.Build.0 = Debug|Any CPU
		{32210CEF-5963-49A6-85CB-680BEFA7E69D}.Release|Any CPU.ActiveCfg = Release|Any CPU
		{32210CEF-5963-49A6-85CB-680BEFA7E69D}.Release|Any CPU.Build.0 = Release|Any CPU
		{38E9757D-DC2B-4A37-B0EC-0EFD5396D609}.Debug|Any CPU.ActiveCfg = Debug|Any CPU
		{38E9757D-DC2B-4A37-B0EC-0EFD5396D609}.Debug|Any CPU.Build.0 = Debug|Any CPU
		{38E9757D-DC2B-4A37-B0EC-0EFD5396D609}.Release|Any CPU.ActiveCfg = Release|Any CPU
		{38E9757D-DC2B-4A37-B0EC-0EFD5396D609}.Release|Any CPU.Build.0 = Release|Any CPU
		{EE5797E0-1806-426D-9FE1-2E680ED0CB23}.Debug|Any CPU.ActiveCfg = Debug|Any CPU
		{EE5797E0-1806-426D-9FE1-2E680ED0CB23}.Debug|Any CPU.Build.0 = Debug|Any CPU
		{EE5797E0-1806-426D-9FE1-2E680ED0CB23}.Release|Any CPU.ActiveCfg = Release|Any CPU
		{EE5797E0-1806-426D-9FE1-2E680ED0CB23}.Release|Any CPU.Build.0 = Release|Any CPU
		{A7B904B3-B625-4235-99B8-10BA65239B58}.Debug|Any CPU.ActiveCfg = Debug|Any CPU
		{A7B904B3-B625-4235-99B8-10BA65239B58}.Debug|Any CPU.Build.0 = Debug|Any CPU
		{A7B904B3-B625-4235-99B8-10BA65239B58}.Release|Any CPU.ActiveCfg = Release|Any CPU
		{A7B904B3-B625-4235-99B8-10BA65239B58}.Release|Any CPU.Build.0 = Release|Any CPU
	EndGlobalSection
EndGlobal
